
Microsoft Visual Studio Solution File, Format Version 12.00
# Visual Studio Version 17
VisualStudioVersion = 17.2.32630.192
MinimumVisualStudioVersion = 10.0.40219.1
Project("{8BC9CEB8-8B4A-11D0-8D11-00A0C91BC942}") = "1.Basic", "Basic\Basic.vcxproj", "{38864C81-B1BE-4C36-B3A1-762D7BB21B66}"
EndProject
Project("{8BC9CEB8-8B4A-11D0-8D11-00A0C91BC942}") = "2.OOP", "OOP\OOP.vcxproj", "{125D0688-EC53-4523-B882-9CA9ADECDD34}"
EndProject
Project("{8BC9CEB8-8B4A-11D0-8D11-00A0C91BC942}") = "3.Operator_overloading", "Operator_overloading\Operator_overloading.vcxproj", "{A5FF83DB-611E-4F15-B724-EA1720C7E14F}"
EndProject
Project("{8BC9CEB8-8B4A-11D0-8D11-00A0C91BC942}") = "스네이크게임", "과제\과제.vcxproj", "{D5669A06-BD7E-4493-9BB3-B3D2B89DE935}"
EndProject
Project("{8BC9CEB8-8B4A-11D0-8D11-00A0C91BC942}") = "(과제)시간변환", "(과제)시간변환\(과제)시간변환.vcxproj", "{D7101290-785D-429C-8185-FDF026D9D958}"
EndProject
Project("{8BC9CEB8-8B4A-11D0-8D11-00A0C91BC942}") = "미니RPG", "미니RPG\미니RPG.vcxproj", "{26D0B42C-B5D3-4A0D-9D9C-5418B4CF1C4C}"
EndProject
Project("{8BC9CEB8-8B4A-11D0-8D11-00A0C91BC942}") = "스네이크", "test\test.vcxproj", "{176642DD-B1C1-47BA-BA07-4C2EA23BD6CF}"
EndProject
Project("{8BC9CEB8-8B4A-11D0-8D11-00A0C91BC942}") = "스네이크_Temp", "스네이크_Temp\스네이크_Temp.vcxproj", "{2056D5B2-CC2D-4D5F-B44D-7142196AA7B6}"
EndProject
Project("{8BC9CEB8-8B4A-11D0-8D11-00A0C91BC942}") = "4.Object_Relationship", "Object_relationship\Object_relationship.vcxproj", "{53FBDC39-B3EB-446D-9F43-78B250CD9C0F}"
EndProject
Project("{8BC9CEB8-8B4A-11D0-8D11-00A0C91BC942}") = "5.Inheritance", "5.Inheritance\5.Inheritance.vcxproj", "{16074E0F-1A82-4368-9898-1B8671A9FDE4}"
EndProject
Project("{8BC9CEB8-8B4A-11D0-8D11-00A0C91BC942}") = "(과제)슈팅게임", "(과제)슈팅게임\(과제)슈팅게임.vcxproj", "{8C25A032-31EC-4BB4-9EF8-D9F5BC37388A}"
EndProject
Project("{8BC9CEB8-8B4A-11D0-8D11-00A0C91BC942}") = "6.Template", "6.Template\6.Template.vcxproj", "{8246C119-8A23-4717-AA74-85FD68677E10}"
EndProject
Project("{8BC9CEB8-8B4A-11D0-8D11-00A0C91BC942}") = "7.STL", "7.STL\7.STL.vcxproj", "{9C1EE303-B3E1-4407-A6C1-6E0487741F7B}"
EndProject
Project("{8BC9CEB8-8B4A-11D0-8D11-00A0C91BC942}") = "Hash_table", "Hash_table\Hash_table.vcxproj", "{54828F69-0E86-42E9-944F-8E8DD7654EC8}"
EndProject
Project("{8BC9CEB8-8B4A-11D0-8D11-00A0C91BC942}") = "8.MICS", "MICS\MICS.vcxproj", "{1D2B2A9F-D5EC-41B8-B59D-AE75AE6709A5}"
EndProject
Global
	GlobalSection(SolutionConfigurationPlatforms) = preSolution
		Debug|x64 = Debug|x64
		Debug|x86 = Debug|x86
		Release|x64 = Release|x64
		Release|x86 = Release|x86
	EndGlobalSection
	GlobalSection(ProjectConfigurationPlatforms) = postSolution
		{38864C81-B1BE-4C36-B3A1-762D7BB21B66}.Debug|x64.ActiveCfg = Debug|x64
		{38864C81-B1BE-4C36-B3A1-762D7BB21B66}.Debug|x64.Build.0 = Debug|x64
		{38864C81-B1BE-4C36-B3A1-762D7BB21B66}.Debug|x86.ActiveCfg = Debug|Win32
		{38864C81-B1BE-4C36-B3A1-762D7BB21B66}.Debug|x86.Build.0 = Debug|Win32
		{38864C81-B1BE-4C36-B3A1-762D7BB21B66}.Release|x64.ActiveCfg = Release|x64
		{38864C81-B1BE-4C36-B3A1-762D7BB21B66}.Release|x64.Build.0 = Release|x64
		{38864C81-B1BE-4C36-B3A1-762D7BB21B66}.Release|x86.ActiveCfg = Release|Win32
		{38864C81-B1BE-4C36-B3A1-762D7BB21B66}.Release|x86.Build.0 = Release|Win32
		{125D0688-EC53-4523-B882-9CA9ADECDD34}.Debug|x64.ActiveCfg = Debug|x64
		{125D0688-EC53-4523-B882-9CA9ADECDD34}.Debug|x64.Build.0 = Debug|x64
		{125D0688-EC53-4523-B882-9CA9ADECDD34}.Debug|x86.ActiveCfg = Debug|Win32
		{125D0688-EC53-4523-B882-9CA9ADECDD34}.Debug|x86.Build.0 = Debug|Win32
		{125D0688-EC53-4523-B882-9CA9ADECDD34}.Release|x64.ActiveCfg = Release|x64
		{125D0688-EC53-4523-B882-9CA9ADECDD34}.Release|x64.Build.0 = Release|x64
		{125D0688-EC53-4523-B882-9CA9ADECDD34}.Release|x86.ActiveCfg = Release|Win32
		{125D0688-EC53-4523-B882-9CA9ADECDD34}.Release|x86.Build.0 = Release|Win32
		{A5FF83DB-611E-4F15-B724-EA1720C7E14F}.Debug|x64.ActiveCfg = Debug|x64
		{A5FF83DB-611E-4F15-B724-EA1720C7E14F}.Debug|x64.Build.0 = Debug|x64
		{A5FF83DB-611E-4F15-B724-EA1720C7E14F}.Debug|x86.ActiveCfg = Debug|Win32
		{A5FF83DB-611E-4F15-B724-EA1720C7E14F}.Debug|x86.Build.0 = Debug|Win32
		{A5FF83DB-611E-4F15-B724-EA1720C7E14F}.Release|x64.ActiveCfg = Release|x64
		{A5FF83DB-611E-4F15-B724-EA1720C7E14F}.Release|x64.Build.0 = Release|x64
		{A5FF83DB-611E-4F15-B724-EA1720C7E14F}.Release|x86.ActiveCfg = Release|Win32
		{A5FF83DB-611E-4F15-B724-EA1720C7E14F}.Release|x86.Build.0 = Release|Win32
		{D5669A06-BD7E-4493-9BB3-B3D2B89DE935}.Debug|x64.ActiveCfg = Debug|x64
		{D5669A06-BD7E-4493-9BB3-B3D2B89DE935}.Debug|x64.Build.0 = Debug|x64
		{D5669A06-BD7E-4493-9BB3-B3D2B89DE935}.Debug|x86.ActiveCfg = Debug|Win32
		{D5669A06-BD7E-4493-9BB3-B3D2B89DE935}.Debug|x86.Build.0 = Debug|Win32
		{D5669A06-BD7E-4493-9BB3-B3D2B89DE935}.Release|x64.ActiveCfg = Release|x64
		{D5669A06-BD7E-4493-9BB3-B3D2B89DE935}.Release|x64.Build.0 = Release|x64
		{D5669A06-BD7E-4493-9BB3-B3D2B89DE935}.Release|x86.ActiveCfg = Release|Win32
		{D5669A06-BD7E-4493-9BB3-B3D2B89DE935}.Release|x86.Build.0 = Release|Win32
		{D7101290-785D-429C-8185-FDF026D9D958}.Debug|x64.ActiveCfg = Debug|x64
		{D7101290-785D-429C-8185-FDF026D9D958}.Debug|x64.Build.0 = Debug|x64
		{D7101290-785D-429C-8185-FDF026D9D958}.Debug|x86.ActiveCfg = Debug|Win32
		{D7101290-785D-429C-8185-FDF026D9D958}.Debug|x86.Build.0 = Debug|Win32
		{D7101290-785D-429C-8185-FDF026D9D958}.Release|x64.ActiveCfg = Release|x64
		{D7101290-785D-429C-8185-FDF026D9D958}.Release|x64.Build.0 = Release|x64
		{D7101290-785D-429C-8185-FDF026D9D958}.Release|x86.ActiveCfg = Release|Win32
		{D7101290-785D-429C-8185-FDF026D9D958}.Release|x86.Build.0 = Release|Win32
		{26D0B42C-B5D3-4A0D-9D9C-5418B4CF1C4C}.Debug|x64.ActiveCfg = Debug|x64
		{26D0B42C-B5D3-4A0D-9D9C-5418B4CF1C4C}.Debug|x64.Build.0 = Debug|x64
		{26D0B42C-B5D3-4A0D-9D9C-5418B4CF1C4C}.Debug|x86.ActiveCfg = Debug|Win32
		{26D0B42C-B5D3-4A0D-9D9C-5418B4CF1C4C}.Debug|x86.Build.0 = Debug|Win32
		{26D0B42C-B5D3-4A0D-9D9C-5418B4CF1C4C}.Release|x64.ActiveCfg = Release|x64
		{26D0B42C-B5D3-4A0D-9D9C-5418B4CF1C4C}.Release|x64.Build.0 = Release|x64
		{26D0B42C-B5D3-4A0D-9D9C-5418B4CF1C4C}.Release|x86.ActiveCfg = Release|Win32
		{26D0B42C-B5D3-4A0D-9D9C-5418B4CF1C4C}.Release|x86.Build.0 = Release|Win32
		{176642DD-B1C1-47BA-BA07-4C2EA23BD6CF}.Debug|x64.ActiveCfg = Debug|x64
		{176642DD-B1C1-47BA-BA07-4C2EA23BD6CF}.Debug|x64.Build.0 = Debug|x64
		{176642DD-B1C1-47BA-BA07-4C2EA23BD6CF}.Debug|x86.ActiveCfg = Debug|Win32
		{176642DD-B1C1-47BA-BA07-4C2EA23BD6CF}.Debug|x86.Build.0 = Debug|Win32
		{176642DD-B1C1-47BA-BA07-4C2EA23BD6CF}.Release|x64.ActiveCfg = Release|x64
		{176642DD-B1C1-47BA-BA07-4C2EA23BD6CF}.Release|x64.Build.0 = Release|x64
		{176642DD-B1C1-47BA-BA07-4C2EA23BD6CF}.Release|x86.ActiveCfg = Release|Win32
		{176642DD-B1C1-47BA-BA07-4C2EA23BD6CF}.Release|x86.Build.0 = Release|Win32
		{2056D5B2-CC2D-4D5F-B44D-7142196AA7B6}.Debug|x64.ActiveCfg = Debug|x64
		{2056D5B2-CC2D-4D5F-B44D-7142196AA7B6}.Debug|x64.Build.0 = Debug|x64
		{2056D5B2-CC2D-4D5F-B44D-7142196AA7B6}.Debug|x86.ActiveCfg = Debug|Win32
		{2056D5B2-CC2D-4D5F-B44D-7142196AA7B6}.Debug|x86.Build.0 = Debug|Win32
		{2056D5B2-CC2D-4D5F-B44D-7142196AA7B6}.Release|x64.ActiveCfg = Release|x64
		{2056D5B2-CC2D-4D5F-B44D-7142196AA7B6}.Release|x64.Build.0 = Release|x64
		{2056D5B2-CC2D-4D5F-B44D-7142196AA7B6}.Release|x86.ActiveCfg = Release|Win32
		{2056D5B2-CC2D-4D5F-B44D-7142196AA7B6}.Release|x86.Build.0 = Release|Win32
		{53FBDC39-B3EB-446D-9F43-78B250CD9C0F}.Debug|x64.ActiveCfg = Debug|x64
		{53FBDC39-B3EB-446D-9F43-78B250CD9C0F}.Debug|x64.Build.0 = Debug|x64
		{53FBDC39-B3EB-446D-9F43-78B250CD9C0F}.Debug|x86.ActiveCfg = Debug|Win32
		{53FBDC39-B3EB-446D-9F43-78B250CD9C0F}.Debug|x86.Build.0 = Debug|Win32
		{53FBDC39-B3EB-446D-9F43-78B250CD9C0F}.Release|x64.ActiveCfg = Release|x64
		{53FBDC39-B3EB-446D-9F43-78B250CD9C0F}.Release|x64.Build.0 = Release|x64
		{53FBDC39-B3EB-446D-9F43-78B250CD9C0F}.Release|x86.ActiveCfg = Release|Win32
		{53FBDC39-B3EB-446D-9F43-78B250CD9C0F}.Release|x86.Build.0 = Release|Win32
		{16074E0F-1A82-4368-9898-1B8671A9FDE4}.Debug|x64.ActiveCfg = Debug|x64
		{16074E0F-1A82-4368-9898-1B8671A9FDE4}.Debug|x64.Build.0 = Debug|x64
		{16074E0F-1A82-4368-9898-1B8671A9FDE4}.Debug|x86.ActiveCfg = Debug|Win32
		{16074E0F-1A82-4368-9898-1B8671A9FDE4}.Debug|x86.Build.0 = Debug|Win32
		{16074E0F-1A82-4368-9898-1B8671A9FDE4}.Release|x64.ActiveCfg = Release|x64
		{16074E0F-1A82-4368-9898-1B8671A9FDE4}.Release|x64.Build.0 = Release|x64
		{16074E0F-1A82-4368-9898-1B8671A9FDE4}.Release|x86.ActiveCfg = Release|Win32
		{16074E0F-1A82-4368-9898-1B8671A9FDE4}.Release|x86.Build.0 = Release|Win32
		{8C25A032-31EC-4BB4-9EF8-D9F5BC37388A}.Debug|x64.ActiveCfg = Debug|x64
		{8C25A032-31EC-4BB4-9EF8-D9F5BC37388A}.Debug|x64.Build.0 = Debug|x64
		{8C25A032-31EC-4BB4-9EF8-D9F5BC37388A}.Debug|x86.ActiveCfg = Debug|Win32
		{8C25A032-31EC-4BB4-9EF8-D9F5BC37388A}.Debug|x86.Build.0 = Debug|Win32
		{8C25A032-31EC-4BB4-9EF8-D9F5BC37388A}.Release|x64.ActiveCfg = Release|x64
		{8C25A032-31EC-4BB4-9EF8-D9F5BC37388A}.Release|x64.Build.0 = Release|x64
		{8C25A032-31EC-4BB4-9EF8-D9F5BC37388A}.Release|x86.ActiveCfg = Release|Win32
		{8C25A032-31EC-4BB4-9EF8-D9F5BC37388A}.Release|x86.Build.0 = Release|Win32
		{8246C119-8A23-4717-AA74-85FD68677E10}.Debug|x64.ActiveCfg = Debug|x64
		{8246C119-8A23-4717-AA74-85FD68677E10}.Debug|x64.Build.0 = Debug|x64
		{8246C119-8A23-4717-AA74-85FD68677E10}.Debug|x86.ActiveCfg = Debug|Win32
		{8246C119-8A23-4717-AA74-85FD68677E10}.Debug|x86.Build.0 = Debug|Win32
		{8246C119-8A23-4717-AA74-85FD68677E10}.Release|x64.ActiveCfg = Release|x64
		{8246C119-8A23-4717-AA74-85FD68677E10}.Release|x64.Build.0 = Release|x64
		{8246C119-8A23-4717-AA74-85FD68677E10}.Release|x86.ActiveCfg = Release|Win32
		{8246C119-8A23-4717-AA74-85FD68677E10}.Release|x86.Build.0 = Release|Win32
		{9C1EE303-B3E1-4407-A6C1-6E0487741F7B}.Debug|x64.ActiveCfg = Debug|x64
		{9C1EE303-B3E1-4407-A6C1-6E0487741F7B}.Debug|x64.Build.0 = Debug|x64
		{9C1EE303-B3E1-4407-A6C1-6E0487741F7B}.Debug|x86.ActiveCfg = Debug|Win32
		{9C1EE303-B3E1-4407-A6C1-6E0487741F7B}.Debug|x86.Build.0 = Debug|Win32
		{9C1EE303-B3E1-4407-A6C1-6E0487741F7B}.Release|x64.ActiveCfg = Release|x64
		{9C1EE303-B3E1-4407-A6C1-6E0487741F7B}.Release|x64.Build.0 = Release|x64
		{9C1EE303-B3E1-4407-A6C1-6E0487741F7B}.Release|x86.ActiveCfg = Release|Win32
		{9C1EE303-B3E1-4407-A6C1-6E0487741F7B}.Release|x86.Build.0 = Release|Win32
		{54828F69-0E86-42E9-944F-8E8DD7654EC8}.Debug|x64.ActiveCfg = Debug|x64
		{54828F69-0E86-42E9-944F-8E8DD7654EC8}.Debug|x64.Build.0 = Debug|x64
		{54828F69-0E86-42E9-944F-8E8DD7654EC8}.Debug|x86.ActiveCfg = Debug|Win32
		{54828F69-0E86-42E9-944F-8E8DD7654EC8}.Debug|x86.Build.0 = Debug|Win32
		{54828F69-0E86-42E9-944F-8E8DD7654EC8}.Release|x64.ActiveCfg = Release|x64
		{54828F69-0E86-42E9-944F-8E8DD7654EC8}.Release|x64.Build.0 = Release|x64
		{54828F69-0E86-42E9-944F-8E8DD7654EC8}.Release|x86.ActiveCfg = Release|Win32
		{54828F69-0E86-42E9-944F-8E8DD7654EC8}.Release|x86.Build.0 = Release|Win32
		{1D2B2A9F-D5EC-41B8-B59D-AE75AE6709A5}.Debug|x64.ActiveCfg = Debug|x64
		{1D2B2A9F-D5EC-41B8-B59D-AE75AE6709A5}.Debug|x64.Build.0 = Debug|x64
		{1D2B2A9F-D5EC-41B8-B59D-AE75AE6709A5}.Debug|x86.ActiveCfg = Debug|Win32
		{1D2B2A9F-D5EC-41B8-B59D-AE75AE6709A5}.Debug|x86.Build.0 = Debug|Win32
		{1D2B2A9F-D5EC-41B8-B59D-AE75AE6709A5}.Release|x64.ActiveCfg = Release|x64
		{1D2B2A9F-D5EC-41B8-B59D-AE75AE6709A5}.Release|x64.Build.0 = Release|x64
		{1D2B2A9F-D5EC-41B8-B59D-AE75AE6709A5}.Release|x86.ActiveCfg = Release|Win32
		{1D2B2A9F-D5EC-41B8-B59D-AE75AE6709A5}.Release|x86.Build.0 = Release|Win32
	EndGlobalSection
	GlobalSection(SolutionProperties) = preSolution
		HideSolutionNode = FALSE
	EndGlobalSection
	GlobalSection(ExtensibilityGlobals) = postSolution
		SolutionGuid = {69404E0E-2D3E-4A8D-89CB-D225D01A6D77}
	EndGlobalSection
EndGlobal
